
Microsoft Visual Studio Solution File, Format Version 12.00
# Visual Studio Version 16
VisualStudioVersion = 16.0.31605.320
MinimumVisualStudioVersion = 10.0.40219.1
Project("{FAE04EC0-301F-11D3-BF4B-00C04F79EFBC}") = "Primer_proyecto", "Primer_proyecto\Primer_proyecto.csproj", "{74B1A225-F2FD-44C8-A0B5-BBBA3F24C077}"
EndProject
Global
	GlobalSection(SolutionConfigurationPlatforms) = preSolution
		Debug|Any CPU = Debug|Any CPU
		Release|Any CPU = Release|Any CPU
	EndGlobalSection
	GlobalSection(ProjectConfigurationPlatforms) = postSolution
		{74B1A225-F2FD-44C8-A0B5-BBBA3F24C077}.Debug|Any CPU.ActiveCfg = Debug|Any CPU
		{74B1A225-F2FD-44C8-A0B5-BBBA3F24C077}.Debug|Any CPU.Build.0 = Debug|Any CPU
		{74B1A225-F2FD-44C8-A0B5-BBBA3F24C077}.Release|Any CPU.ActiveCfg = Release|Any CPU
		{74B1A225-F2FD-44C8-A0B5-BBBA3F24C077}.Release|Any CPU.Build.0 = Release|Any CPU
	EndGlobalSection
	GlobalSection(SolutionProperties) = preSolution
		HideSolutionNode = FALSE
	EndGlobalSection
	GlobalSection(ExtensibilityGlobals) = postSolution
		SolutionGuid = {09653ADA-E780-4101-8395-5EE24DDFA1BB}
	EndGlobalSection
EndGlobal
