
Microsoft Visual Studio Solution File, Format Version 12.00
# Visual Studio Version 17
VisualStudioVersion = 17.2.32505.173
MinimumVisualStudioVersion = 10.0.40219.1
Project("{FAE04EC0-301F-11D3-BF4B-00C04F79EFBC}") = "HerenciaPOO", "HerenciaPOO\HerenciaPOO.csproj", "{FD22E3BD-746B-4D8A-AB8D-9105C8E393C8}"
EndProject
Global
	GlobalSection(SolutionConfigurationPlatforms) = preSolution
		Debug|Any CPU = Debug|Any CPU
		Release|Any CPU = Release|Any CPU
	EndGlobalSection
	GlobalSection(ProjectConfigurationPlatforms) = postSolution
		{FD22E3BD-746B-4D8A-AB8D-9105C8E393C8}.Debug|Any CPU.ActiveCfg = Debug|Any CPU
		{FD22E3BD-746B-4D8A-AB8D-9105C8E393C8}.Debug|Any CPU.Build.0 = Debug|Any CPU
		{FD22E3BD-746B-4D8A-AB8D-9105C8E393C8}.Release|Any CPU.ActiveCfg = Release|Any CPU
		{FD22E3BD-746B-4D8A-AB8D-9105C8E393C8}.Release|Any CPU.Build.0 = Release|Any CPU
	EndGlobalSection
	GlobalSection(SolutionProperties) = preSolution
		HideSolutionNode = FALSE
	EndGlobalSection
	GlobalSection(ExtensibilityGlobals) = postSolution
		SolutionGuid = {5E47A283-E708-44BF-918A-2F4378D00658}
	EndGlobalSection
EndGlobal
