
Microsoft Visual Studio Solution File, Format Version 12.00
# Visual Studio Version 17
VisualStudioVersion = 17.1.32421.90
MinimumVisualStudioVersion = 10.0.40219.1
Project("{FAE04EC0-301F-11D3-BF4B-00C04F79EFBC}") = "Login_Transparent", "Login_Transparent\Login_Transparent.csproj", "{68C7B0B1-AFC3-4E8E-AD63-E22CD1F2C276}"
EndProject
Global
	GlobalSection(SolutionConfigurationPlatforms) = preSolution
		Debug|Any CPU = Debug|Any CPU
		Release|Any CPU = Release|Any CPU
	EndGlobalSection
	GlobalSection(ProjectConfigurationPlatforms) = postSolution
		{68C7B0B1-AFC3-4E8E-AD63-E22CD1F2C276}.Debug|Any CPU.ActiveCfg = Debug|Any CPU
		{68C7B0B1-AFC3-4E8E-AD63-E22CD1F2C276}.Debug|Any CPU.Build.0 = Debug|Any CPU
		{68C7B0B1-AFC3-4E8E-AD63-E22CD1F2C276}.Release|Any CPU.ActiveCfg = Release|Any CPU
		{68C7B0B1-AFC3-4E8E-AD63-E22CD1F2C276}.Release|Any CPU.Build.0 = Release|Any CPU
	EndGlobalSection
	GlobalSection(SolutionProperties) = preSolution
		HideSolutionNode = FALSE
	EndGlobalSection
	GlobalSection(ExtensibilityGlobals) = postSolution
		SolutionGuid = {E1EDD9B3-C50F-4B11-85E2-DCED1837EB7F}
	EndGlobalSection
EndGlobal
