
Microsoft Visual Studio Solution File, Format Version 12.00
# Visual Studio Version 17
VisualStudioVersion = 17.1.32421.90
MinimumVisualStudioVersion = 10.0.40219.1
Project("{FAE04EC0-301F-11D3-BF4B-00C04F79EFBC}") = "Presentation", "Login_Transparent\Presentation.csproj", "{68C7B0B1-AFC3-4E8E-AD63-E22CD1F2C276}"
EndProject
Project("{FAE04EC0-301F-11D3-BF4B-00C04F79EFBC}") = "DataAccess", "DataAccess\DataAccess.csproj", "{3B63B7DA-CE02-4FE1-A033-283D98E6246A}"
EndProject
Project("{FAE04EC0-301F-11D3-BF4B-00C04F79EFBC}") = "Domain", "Domain\Domain.csproj", "{09DFF98F-A3A6-4C66-A927-27FAEB9F7FCF}"
EndProject
Project("{FAE04EC0-301F-11D3-BF4B-00C04F79EFBC}") = "Common", "Common\Common.csproj", "{CD549D56-DA80-4A01-96D7-3726FEEE77D8}"
EndProject
Global
	GlobalSection(SolutionConfigurationPlatforms) = preSolution
		Debug|Any CPU = Debug|Any CPU
		Debug|ARM = Debug|ARM
		Debug|ARM64 = Debug|ARM64
		Debug|x64 = Debug|x64
		Debug|x86 = Debug|x86
		Release|Any CPU = Release|Any CPU
		Release|ARM = Release|ARM
		Release|ARM64 = Release|ARM64
		Release|x64 = Release|x64
		Release|x86 = Release|x86
	EndGlobalSection
	GlobalSection(ProjectConfigurationPlatforms) = postSolution
		{68C7B0B1-AFC3-4E8E-AD63-E22CD1F2C276}.Debug|Any CPU.ActiveCfg = Debug|Any CPU
		{68C7B0B1-AFC3-4E8E-AD63-E22CD1F2C276}.Debug|Any CPU.Build.0 = Debug|Any CPU
		{68C7B0B1-AFC3-4E8E-AD63-E22CD1F2C276}.Debug|ARM.ActiveCfg = Debug|Any CPU
		{68C7B0B1-AFC3-4E8E-AD63-E22CD1F2C276}.Debug|ARM.Build.0 = Debug|Any CPU
		{68C7B0B1-AFC3-4E8E-AD63-E22CD1F2C276}.Debug|ARM64.ActiveCfg = Debug|Any CPU
		{68C7B0B1-AFC3-4E8E-AD63-E22CD1F2C276}.Debug|ARM64.Build.0 = Debug|Any CPU
		{68C7B0B1-AFC3-4E8E-AD63-E22CD1F2C276}.Debug|x64.ActiveCfg = Debug|Any CPU
		{68C7B0B1-AFC3-4E8E-AD63-E22CD1F2C276}.Debug|x64.Build.0 = Debug|Any CPU
		{68C7B0B1-AFC3-4E8E-AD63-E22CD1F2C276}.Debug|x86.ActiveCfg = Debug|Any CPU
		{68C7B0B1-AFC3-4E8E-AD63-E22CD1F2C276}.Debug|x86.Build.0 = Debug|Any CPU
		{68C7B0B1-AFC3-4E8E-AD63-E22CD1F2C276}.Release|Any CPU.ActiveCfg = Release|Any CPU
		{68C7B0B1-AFC3-4E8E-AD63-E22CD1F2C276}.Release|Any CPU.Build.0 = Release|Any CPU
		{68C7B0B1-AFC3-4E8E-AD63-E22CD1F2C276}.Release|ARM.ActiveCfg = Release|Any CPU
		{68C7B0B1-AFC3-4E8E-AD63-E22CD1F2C276}.Release|ARM.Build.0 = Release|Any CPU
		{68C7B0B1-AFC3-4E8E-AD63-E22CD1F2C276}.Release|ARM64.ActiveCfg = Release|Any CPU
		{68C7B0B1-AFC3-4E8E-AD63-E22CD1F2C276}.Release|ARM64.Build.0 = Release|Any CPU
		{68C7B0B1-AFC3-4E8E-AD63-E22CD1F2C276}.Release|x64.ActiveCfg = Release|Any CPU
		{68C7B0B1-AFC3-4E8E-AD63-E22CD1F2C276}.Release|x64.Build.0 = Release|Any CPU
		{68C7B0B1-AFC3-4E8E-AD63-E22CD1F2C276}.Release|x86.ActiveCfg = Release|Any CPU
		{68C7B0B1-AFC3-4E8E-AD63-E22CD1F2C276}.Release|x86.Build.0 = Release|Any CPU
		{3B63B7DA-CE02-4FE1-A033-283D98E6246A}.Debug|Any CPU.ActiveCfg = Debug|Any CPU
		{3B63B7DA-CE02-4FE1-A033-283D98E6246A}.Debug|Any CPU.Build.0 = Debug|Any CPU
		{3B63B7DA-CE02-4FE1-A033-283D98E6246A}.Debug|ARM.ActiveCfg = Debug|Any CPU
		{3B63B7DA-CE02-4FE1-A033-283D98E6246A}.Debug|ARM.Build.0 = Debug|Any CPU
		{3B63B7DA-CE02-4FE1-A033-283D98E6246A}.Debug|ARM64.ActiveCfg = Debug|Any CPU
		{3B63B7DA-CE02-4FE1-A033-283D98E6246A}.Debug|ARM64.Build.0 = Debug|Any CPU
		{3B63B7DA-CE02-4FE1-A033-283D98E6246A}.Debug|x64.ActiveCfg = Debug|Any CPU
		{3B63B7DA-CE02-4FE1-A033-283D98E6246A}.Debug|x64.Build.0 = Debug|Any CPU
		{3B63B7DA-CE02-4FE1-A033-283D98E6246A}.Debug|x86.ActiveCfg = Debug|Any CPU
		{3B63B7DA-CE02-4FE1-A033-283D98E6246A}.Debug|x86.Build.0 = Debug|Any CPU
		{3B63B7DA-CE02-4FE1-A033-283D98E6246A}.Release|Any CPU.ActiveCfg = Release|Any CPU
		{3B63B7DA-CE02-4FE1-A033-283D98E6246A}.Release|Any CPU.Build.0 = Release|Any CPU
		{3B63B7DA-CE02-4FE1-A033-283D98E6246A}.Release|ARM.ActiveCfg = Release|Any CPU
		{3B63B7DA-CE02-4FE1-A033-283D98E6246A}.Release|ARM.Build.0 = Release|Any CPU
		{3B63B7DA-CE02-4FE1-A033-283D98E6246A}.Release|ARM64.ActiveCfg = Release|Any CPU
		{3B63B7DA-CE02-4FE1-A033-283D98E6246A}.Release|ARM64.Build.0 = Release|Any CPU
		{3B63B7DA-CE02-4FE1-A033-283D98E6246A}.Release|x64.ActiveCfg = Release|Any CPU
		{3B63B7DA-CE02-4FE1-A033-283D98E6246A}.Release|x64.Build.0 = Release|Any CPU
		{3B63B7DA-CE02-4FE1-A033-283D98E6246A}.Release|x86.ActiveCfg = Release|Any CPU
		{3B63B7DA-CE02-4FE1-A033-283D98E6246A}.Release|x86.Build.0 = Release|Any CPU
		{09DFF98F-A3A6-4C66-A927-27FAEB9F7FCF}.Debug|Any CPU.ActiveCfg = Debug|Any CPU
		{09DFF98F-A3A6-4C66-A927-27FAEB9F7FCF}.Debug|Any CPU.Build.0 = Debug|Any CPU
		{09DFF98F-A3A6-4C66-A927-27FAEB9F7FCF}.Debug|ARM.ActiveCfg = Debug|Any CPU
		{09DFF98F-A3A6-4C66-A927-27FAEB9F7FCF}.Debug|ARM.Build.0 = Debug|Any CPU
		{09DFF98F-A3A6-4C66-A927-27FAEB9F7FCF}.Debug|ARM64.ActiveCfg = Debug|Any CPU
		{09DFF98F-A3A6-4C66-A927-27FAEB9F7FCF}.Debug|ARM64.Build.0 = Debug|Any CPU
		{09DFF98F-A3A6-4C66-A927-27FAEB9F7FCF}.Debug|x64.ActiveCfg = Debug|Any CPU
		{09DFF98F-A3A6-4C66-A927-27FAEB9F7FCF}.Debug|x64.Build.0 = Debug|Any CPU
		{09DFF98F-A3A6-4C66-A927-27FAEB9F7FCF}.Debug|x86.ActiveCfg = Debug|Any CPU
		{09DFF98F-A3A6-4C66-A927-27FAEB9F7FCF}.Debug|x86.Build.0 = Debug|Any CPU
		{09DFF98F-A3A6-4C66-A927-27FAEB9F7FCF}.Release|Any CPU.ActiveCfg = Release|Any CPU
		{09DFF98F-A3A6-4C66-A927-27FAEB9F7FCF}.Release|Any CPU.Build.0 = Release|Any CPU
		{09DFF98F-A3A6-4C66-A927-27FAEB9F7FCF}.Release|ARM.ActiveCfg = Release|Any CPU
		{09DFF98F-A3A6-4C66-A927-27FAEB9F7FCF}.Release|ARM.Build.0 = Release|Any CPU
		{09DFF98F-A3A6-4C66-A927-27FAEB9F7FCF}.Release|ARM64.ActiveCfg = Release|Any CPU
		{09DFF98F-A3A6-4C66-A927-27FAEB9F7FCF}.Release|ARM64.Build.0 = Release|Any CPU
		{09DFF98F-A3A6-4C66-A927-27FAEB9F7FCF}.Release|x64.ActiveCfg = Release|Any CPU
		{09DFF98F-A3A6-4C66-A927-27FAEB9F7FCF}.Release|x64.Build.0 = Release|Any CPU
		{09DFF98F-A3A6-4C66-A927-27FAEB9F7FCF}.Release|x86.ActiveCfg = Release|Any CPU
		{09DFF98F-A3A6-4C66-A927-27FAEB9F7FCF}.Release|x86.Build.0 = Release|Any CPU
		{CD549D56-DA80-4A01-96D7-3726FEEE77D8}.Debug|Any CPU.ActiveCfg = Debug|Any CPU
		{CD549D56-DA80-4A01-96D7-3726FEEE77D8}.Debug|Any CPU.Build.0 = Debug|Any CPU
		{CD549D56-DA80-4A01-96D7-3726FEEE77D8}.Debug|ARM.ActiveCfg = Debug|Any CPU
		{CD549D56-DA80-4A01-96D7-3726FEEE77D8}.Debug|ARM.Build.0 = Debug|Any CPU
		{CD549D56-DA80-4A01-96D7-3726FEEE77D8}.Debug|ARM64.ActiveCfg = Debug|Any CPU
		{CD549D56-DA80-4A01-96D7-3726FEEE77D8}.Debug|ARM64.Build.0 = Debug|Any CPU
		{CD549D56-DA80-4A01-96D7-3726FEEE77D8}.Debug|x64.ActiveCfg = Debug|Any CPU
		{CD549D56-DA80-4A01-96D7-3726FEEE77D8}.Debug|x64.Build.0 = Debug|Any CPU
		{CD549D56-DA80-4A01-96D7-3726FEEE77D8}.Debug|x86.ActiveCfg = Debug|Any CPU
		{CD549D56-DA80-4A01-96D7-3726FEEE77D8}.Debug|x86.Build.0 = Debug|Any CPU
		{CD549D56-DA80-4A01-96D7-3726FEEE77D8}.Release|Any CPU.ActiveCfg = Release|Any CPU
		{CD549D56-DA80-4A01-96D7-3726FEEE77D8}.Release|Any CPU.Build.0 = Release|Any CPU
		{CD549D56-DA80-4A01-96D7-3726FEEE77D8}.Release|ARM.ActiveCfg = Release|Any CPU
		{CD549D56-DA80-4A01-96D7-3726FEEE77D8}.Release|ARM.Build.0 = Release|Any CPU
		{CD549D56-DA80-4A01-96D7-3726FEEE77D8}.Release|ARM64.ActiveCfg = Release|Any CPU
		{CD549D56-DA80-4A01-96D7-3726FEEE77D8}.Release|ARM64.Build.0 = Release|Any CPU
		{CD549D56-DA80-4A01-96D7-3726FEEE77D8}.Release|x64.ActiveCfg = Release|Any CPU
		{CD549D56-DA80-4A01-96D7-3726FEEE77D8}.Release|x64.Build.0 = Release|Any CPU
		{CD549D56-DA80-4A01-96D7-3726FEEE77D8}.Release|x86.ActiveCfg = Release|Any CPU
		{CD549D56-DA80-4A01-96D7-3726FEEE77D8}.Release|x86.Build.0 = Release|Any CPU
	EndGlobalSection
	GlobalSection(SolutionProperties) = preSolution
		HideSolutionNode = FALSE
	EndGlobalSection
	GlobalSection(ExtensibilityGlobals) = postSolution
		SolutionGuid = {E1EDD9B3-C50F-4B11-85E2-DCED1837EB7F}
	EndGlobalSection
EndGlobal
