
Microsoft Visual Studio Solution File, Format Version 12.00
# Visual Studio Version 17
VisualStudioVersion = 17.2.32505.173
MinimumVisualStudioVersion = 10.0.40219.1
Project("{FAE04EC0-301F-11D3-BF4B-00C04F79EFBC}") = "POO", "POO\POO.csproj", "{10D0382F-3C2A-4B1A-BE4A-427D2351ADB5}"
EndProject
Global
	GlobalSection(SolutionConfigurationPlatforms) = preSolution
		Debug|Any CPU = Debug|Any CPU
		Release|Any CPU = Release|Any CPU
	EndGlobalSection
	GlobalSection(ProjectConfigurationPlatforms) = postSolution
		{10D0382F-3C2A-4B1A-BE4A-427D2351ADB5}.Debug|Any CPU.ActiveCfg = Debug|Any CPU
		{10D0382F-3C2A-4B1A-BE4A-427D2351ADB5}.Debug|Any CPU.Build.0 = Debug|Any CPU
		{10D0382F-3C2A-4B1A-BE4A-427D2351ADB5}.Release|Any CPU.ActiveCfg = Release|Any CPU
		{10D0382F-3C2A-4B1A-BE4A-427D2351ADB5}.Release|Any CPU.Build.0 = Release|Any CPU
	EndGlobalSection
	GlobalSection(SolutionProperties) = preSolution
		HideSolutionNode = FALSE
	EndGlobalSection
	GlobalSection(ExtensibilityGlobals) = postSolution
		SolutionGuid = {A5559B1E-A73F-4FF1-88A4-380F7B79FD36}
	EndGlobalSection
EndGlobal
