
Microsoft Visual Studio Solution File, Format Version 12.00
# Visual Studio Version 17
VisualStudioVersion = 17.2.32505.173
MinimumVisualStudioVersion = 10.0.40219.1
Project("{FAE04EC0-301F-11D3-BF4B-00C04F79EFBC}") = "ModularizarInterfaces", "ModularizarInterfaces\ModularizarInterfaces.csproj", "{472927CA-95A1-426F-BD48-5F2268616FA2}"
EndProject
Global
	GlobalSection(SolutionConfigurationPlatforms) = preSolution
		Debug|Any CPU = Debug|Any CPU
		Release|Any CPU = Release|Any CPU
	EndGlobalSection
	GlobalSection(ProjectConfigurationPlatforms) = postSolution
		{472927CA-95A1-426F-BD48-5F2268616FA2}.Debug|Any CPU.ActiveCfg = Debug|Any CPU
		{472927CA-95A1-426F-BD48-5F2268616FA2}.Debug|Any CPU.Build.0 = Debug|Any CPU
		{472927CA-95A1-426F-BD48-5F2268616FA2}.Release|Any CPU.ActiveCfg = Release|Any CPU
		{472927CA-95A1-426F-BD48-5F2268616FA2}.Release|Any CPU.Build.0 = Release|Any CPU
	EndGlobalSection
	GlobalSection(SolutionProperties) = preSolution
		HideSolutionNode = FALSE
	EndGlobalSection
	GlobalSection(ExtensibilityGlobals) = postSolution
		SolutionGuid = {707DC485-1F2E-4E87-8DCE-2F7AC45D97EC}
	EndGlobalSection
EndGlobal
